// !$*UTF8*$!
{
	archiveVersion = 1;
	classes = {
	};
	objectVersion = 46;
	objects = {

/* Begin PBXBuildFile section */
		533B08281ED813110038393B /* SwiftCodeGenerator.swift in Sources */ = {isa = PBXBuildFile; fileRef = 535625EA1ECB40240084E97B /* SwiftCodeGenerator.swift */; };
		533B08291ED813110038393B /* SwiftBasicProtocolImp.swift in Sources */ = {isa = PBXBuildFile; fileRef = 5375539E1ECF04E8008F6CE3 /* SwiftBasicProtocolImp.swift */; };
		533B082A1ED813110038393B /* CodeGeneratorHelper.swift in Sources */ = {isa = PBXBuildFile; fileRef = 5375539B1ECED8B8008F6CE3 /* CodeGeneratorHelper.swift */; };
		533B082C1ED818C80038393B /* ErrorRegistry.swift in Sources */ = {isa = PBXBuildFile; fileRef = 533B082B1ED818C80038393B /* ErrorRegistry.swift */; };
		533B082D1ED81D890038393B /* ErrorRegistry.swift in Sources */ = {isa = PBXBuildFile; fileRef = 533B082B1ED818C80038393B /* ErrorRegistry.swift */; };
		535625EB1ECB40240084E97B /* SwiftCodeGenerator.swift in Sources */ = {isa = PBXBuildFile; fileRef = 535625EA1ECB40240084E97B /* SwiftCodeGenerator.swift */; };
		535F4FEB1EC4732C00DE9656 /* main.swift in Sources */ = {isa = PBXBuildFile; fileRef = 535F4FEA1EC4732C00DE9656 /* main.swift */; };
		535F4FF71EC59E5B00DE9656 /* SWXMLHash.swift in Sources */ = {isa = PBXBuildFile; fileRef = 535F4FF51EC59E5B00DE9656 /* SWXMLHash.swift */; };
		535F4FF81EC59E5B00DE9656 /* SWXMLHash+TypeConversion.swift in Sources */ = {isa = PBXBuildFile; fileRef = 535F4FF61EC59E5B00DE9656 /* SWXMLHash+TypeConversion.swift */; };
		535F4FFA1EC59ECD00DE9656 /* Processor.swift in Sources */ = {isa = PBXBuildFile; fileRef = 535F4FF91EC59ECD00DE9656 /* Processor.swift */; };
		535F4FFC1EC59EE800DE9656 /* ConsoleIO.swift in Sources */ = {isa = PBXBuildFile; fileRef = 535F4FFB1EC59EE800DE9656 /* ConsoleIO.swift */; };
		5375539C1ECED8B8008F6CE3 /* CodeGeneratorHelper.swift in Sources */ = {isa = PBXBuildFile; fileRef = 5375539B1ECED8B8008F6CE3 /* CodeGeneratorHelper.swift */; };
		5375539F1ECF04E8008F6CE3 /* SwiftBasicProtocolImp.swift in Sources */ = {isa = PBXBuildFile; fileRef = 5375539E1ECF04E8008F6CE3 /* SwiftBasicProtocolImp.swift */; };
		53F21DA11EC9C09B006BFDCF /* CodeFileSaver.swift in Sources */ = {isa = PBXBuildFile; fileRef = 53F21DA01EC9C09B006BFDCF /* CodeFileSaver.swift */; };
		53F21DA21EC9C09B006BFDCF /* CodeFileSaver.swift in Sources */ = {isa = PBXBuildFile; fileRef = 53F21DA01EC9C09B006BFDCF /* CodeFileSaver.swift */; };
		98C908211EC71343008696E3 /* CodeGenerator.swift in Sources */ = {isa = PBXBuildFile; fileRef = 98C908201EC71343008696E3 /* CodeGenerator.swift */; };
		98D86C6B1EC98F9F007BC1EC /* ModelGenTest.swift in Sources */ = {isa = PBXBuildFile; fileRef = 98D86C6A1EC98F9F007BC1EC /* ModelGenTest.swift */; };
		98D86C701EC9905E007BC1EC /* ConsoleIO.swift in Sources */ = {isa = PBXBuildFile; fileRef = 535F4FFB1EC59EE800DE9656 /* ConsoleIO.swift */; };
		98D86C711EC99096007BC1EC /* SWXMLHash.swift in Sources */ = {isa = PBXBuildFile; fileRef = 535F4FF51EC59E5B00DE9656 /* SWXMLHash.swift */; };
		98D86C721EC99096007BC1EC /* SWXMLHash+TypeConversion.swift in Sources */ = {isa = PBXBuildFile; fileRef = 535F4FF61EC59E5B00DE9656 /* SWXMLHash+TypeConversion.swift */; };
		98D86C731EC99096007BC1EC /* main.swift in Sources */ = {isa = PBXBuildFile; fileRef = 535F4FEA1EC4732C00DE9656 /* main.swift */; };
		98D86C741EC99096007BC1EC /* Processor.swift in Sources */ = {isa = PBXBuildFile; fileRef = 535F4FF91EC59ECD00DE9656 /* Processor.swift */; };
		98D86C751EC99096007BC1EC /* CodeGenerator.swift in Sources */ = {isa = PBXBuildFile; fileRef = 98C908201EC71343008696E3 /* CodeGenerator.swift */; };
/* End PBXBuildFile section */

/* Begin PBXCopyFilesBuildPhase section */
		535F4FE51EC4732C00DE9656 /* CopyFiles */ = {
			isa = PBXCopyFilesBuildPhase;
			buildActionMask = 2147483647;
			dstPath = /usr/share/man/man1/;
			dstSubfolderSpec = 0;
			files = (
			);
			runOnlyForDeploymentPostprocessing = 1;
		};
/* End PBXCopyFilesBuildPhase section */

/* Begin PBXFileReference section */
		5329551A1ED5B2CC003BC0C7 /* LICENSE */ = {isa = PBXFileReference; lastKnownFileType = text; path = LICENSE; sourceTree = "<group>"; };
		533B082B1ED818C80038393B /* ErrorRegistry.swift */ = {isa = PBXFileReference; fileEncoding = 4; lastKnownFileType = sourcecode.swift; path = ErrorRegistry.swift; sourceTree = "<group>"; };
		535625EA1ECB40240084E97B /* SwiftCodeGenerator.swift */ = {isa = PBXFileReference; fileEncoding = 4; lastKnownFileType = sourcecode.swift; path = SwiftCodeGenerator.swift; sourceTree = "<group>"; };
		535F4FE71EC4732C00DE9656 /* ModelGen */ = {isa = PBXFileReference; explicitFileType = "compiled.mach-o.executable"; includeInIndex = 0; path = ModelGen; sourceTree = BUILT_PRODUCTS_DIR; };
		535F4FEA1EC4732C00DE9656 /* main.swift */ = {isa = PBXFileReference; lastKnownFileType = sourcecode.swift; path = main.swift; sourceTree = "<group>"; };
		535F4FF21EC47C7C00DE9656 /* SWXMLHash.framework */ = {isa = PBXFileReference; lastKnownFileType = wrapper.framework; name = SWXMLHash.framework; path = "../../../_ios-derived-data/Debug/SWXMLHash/SWXMLHash.framework"; sourceTree = "<group>"; };
		535F4FF51EC59E5B00DE9656 /* SWXMLHash.swift */ = {isa = PBXFileReference; fileEncoding = 4; lastKnownFileType = sourcecode.swift; path = SWXMLHash.swift; sourceTree = "<group>"; };
		535F4FF61EC59E5B00DE9656 /* SWXMLHash+TypeConversion.swift */ = {isa = PBXFileReference; fileEncoding = 4; lastKnownFileType = sourcecode.swift; path = "SWXMLHash+TypeConversion.swift"; sourceTree = "<group>"; };
		535F4FF91EC59ECD00DE9656 /* Processor.swift */ = {isa = PBXFileReference; fileEncoding = 4; lastKnownFileType = sourcecode.swift; path = Processor.swift; sourceTree = "<group>"; };
		535F4FFB1EC59EE800DE9656 /* ConsoleIO.swift */ = {isa = PBXFileReference; fileEncoding = 4; lastKnownFileType = sourcecode.swift; path = ConsoleIO.swift; sourceTree = "<group>"; };
		537553711ECDAE76008F6CE3 /* ObjectModel.xcdatamodel */ = {isa = PBXFileReference; lastKnownFileType = wrapper.xcdatamodel; name = ObjectModel.xcdatamodel; path = Example/ObjectModel.xcdatamodel; sourceTree = "<group>"; };
		5375539B1ECED8B8008F6CE3 /* CodeGeneratorHelper.swift */ = {isa = PBXFileReference; fileEncoding = 4; lastKnownFileType = sourcecode.swift; path = CodeGeneratorHelper.swift; sourceTree = "<group>"; };
		5375539E1ECF04E8008F6CE3 /* SwiftBasicProtocolImp.swift */ = {isa = PBXFileReference; fileEncoding = 4; lastKnownFileType = sourcecode.swift; path = SwiftBasicProtocolImp.swift; sourceTree = "<group>"; };
		53F21DA01EC9C09B006BFDCF /* CodeFileSaver.swift */ = {isa = PBXFileReference; fileEncoding = 4; lastKnownFileType = sourcecode.swift; path = CodeFileSaver.swift; sourceTree = "<group>"; };
		98C908201EC71343008696E3 /* CodeGenerator.swift */ = {isa = PBXFileReference; fileEncoding = 4; lastKnownFileType = sourcecode.swift; path = CodeGenerator.swift; sourceTree = "<group>"; };
		98D86C681EC98F9F007BC1EC /* ModelGenTest.xctest */ = {isa = PBXFileReference; explicitFileType = wrapper.cfbundle; includeInIndex = 0; path = ModelGenTest.xctest; sourceTree = BUILT_PRODUCTS_DIR; };
		98D86C6A1EC98F9F007BC1EC /* ModelGenTest.swift */ = {isa = PBXFileReference; lastKnownFileType = sourcecode.swift; path = ModelGenTest.swift; sourceTree = "<group>"; };
		98D86C6C1EC98F9F007BC1EC /* Info.plist */ = {isa = PBXFileReference; lastKnownFileType = text.plist.xml; path = Info.plist; sourceTree = "<group>"; };
/* End PBXFileReference section */

/* Begin PBXFrameworksBuildPhase section */
		535F4FE41EC4732C00DE9656 /* Frameworks */ = {
			isa = PBXFrameworksBuildPhase;
			buildActionMask = 2147483647;
			files = (
			);
			runOnlyForDeploymentPostprocessing = 0;
		};
		98D86C651EC98F9F007BC1EC /* Frameworks */ = {
			isa = PBXFrameworksBuildPhase;
			buildActionMask = 2147483647;
			files = (
			);
			runOnlyForDeploymentPostprocessing = 0;
		};
/* End PBXFrameworksBuildPhase section */

/* Begin PBXGroup section */
		4E85E1D578C540DCD9B6DD14 /* Frameworks */ = {
			isa = PBXGroup;
			children = (
				535F4FF21EC47C7C00DE9656 /* SWXMLHash.framework */,
			);
			name = Frameworks;
			sourceTree = "<group>";
		};
		535F4FDE1EC4732C00DE9656 = {
			isa = PBXGroup;
			children = (
				5329551A1ED5B2CC003BC0C7 /* LICENSE */,
				537553701ECDAE38008F6CE3 /* Example */,
				535F4FE91EC4732C00DE9656 /* ModelGen */,
				98D86C691EC98F9F007BC1EC /* ModelGenTest */,
				535F4FE81EC4732C00DE9656 /* Products */,
				4E85E1D578C540DCD9B6DD14 /* Frameworks */,
			);
			sourceTree = "<group>";
		};
		535F4FE81EC4732C00DE9656 /* Products */ = {
			isa = PBXGroup;
			children = (
				535F4FE71EC4732C00DE9656 /* ModelGen */,
				98D86C681EC98F9F007BC1EC /* ModelGenTest.xctest */,
			);
			name = Products;
			sourceTree = "<group>";
		};
		535F4FE91EC4732C00DE9656 /* ModelGen */ = {
			isa = PBXGroup;
			children = (
				5375539D1ECF04C2008F6CE3 /* Swift */,
				535F4FF41EC59E4500DE9656 /* frameworks */,
				535F4FEA1EC4732C00DE9656 /* main.swift */,
				535F4FFB1EC59EE800DE9656 /* ConsoleIO.swift */,
				535F4FF91EC59ECD00DE9656 /* Processor.swift */,
				98C908201EC71343008696E3 /* CodeGenerator.swift */,
				53F21DA01EC9C09B006BFDCF /* CodeFileSaver.swift */,
				5375539B1ECED8B8008F6CE3 /* CodeGeneratorHelper.swift */,
				533B082B1ED818C80038393B /* ErrorRegistry.swift */,
			);
			path = ModelGen;
			sourceTree = "<group>";
		};
		535F4FF41EC59E4500DE9656 /* frameworks */ = {
			isa = PBXGroup;
			children = (
				535F4FF51EC59E5B00DE9656 /* SWXMLHash.swift */,
				535F4FF61EC59E5B00DE9656 /* SWXMLHash+TypeConversion.swift */,
			);
			name = frameworks;
			sourceTree = "<group>";
		};
		537553701ECDAE38008F6CE3 /* Example */ = {
			isa = PBXGroup;
			children = (
				537553711ECDAE76008F6CE3 /* ObjectModel.xcdatamodel */,
			);
			name = Example;
			sourceTree = "<group>";
		};
		5375539D1ECF04C2008F6CE3 /* Swift */ = {
			isa = PBXGroup;
			children = (
				535625EA1ECB40240084E97B /* SwiftCodeGenerator.swift */,
				5375539E1ECF04E8008F6CE3 /* SwiftBasicProtocolImp.swift */,
			);
			name = Swift;
			sourceTree = "<group>";
		};
		98D86C691EC98F9F007BC1EC /* ModelGenTest */ = {
			isa = PBXGroup;
			children = (
				98D86C6A1EC98F9F007BC1EC /* ModelGenTest.swift */,
				98D86C6C1EC98F9F007BC1EC /* Info.plist */,
			);
			path = ModelGenTest;
			sourceTree = "<group>";
		};
/* End PBXGroup section */

/* Begin PBXNativeTarget section */
		535F4FE61EC4732C00DE9656 /* ModelGen */ = {
			isa = PBXNativeTarget;
			buildConfigurationList = 535F4FEE1EC4732C00DE9656 /* Build configuration list for PBXNativeTarget "ModelGen" */;
			buildPhases = (
				535F4FE31EC4732C00DE9656 /* Sources */,
				535F4FE41EC4732C00DE9656 /* Frameworks */,
				535F4FE51EC4732C00DE9656 /* CopyFiles */,
			);
			buildRules = (
			);
			dependencies = (
			);
			name = ModelGen;
			productName = ModelGen;
			productReference = 535F4FE71EC4732C00DE9656 /* ModelGen */;
			productType = "com.apple.product-type.tool";
		};
		98D86C671EC98F9F007BC1EC /* ModelGenTest */ = {
			isa = PBXNativeTarget;
			buildConfigurationList = 98D86C6F1EC98F9F007BC1EC /* Build configuration list for PBXNativeTarget "ModelGenTest" */;
			buildPhases = (
				98D86C641EC98F9F007BC1EC /* Sources */,
				98D86C651EC98F9F007BC1EC /* Frameworks */,
				98D86C661EC98F9F007BC1EC /* Resources */,
			);
			buildRules = (
			);
			dependencies = (
			);
			name = ModelGenTest;
			productName = ModelGenTest;
			productReference = 98D86C681EC98F9F007BC1EC /* ModelGenTest.xctest */;
			productType = "com.apple.product-type.bundle.unit-test";
		};
/* End PBXNativeTarget section */

/* Begin PBXProject section */
		535F4FDF1EC4732C00DE9656 /* Project object */ = {
			isa = PBXProject;
			attributes = {
				LastSwiftUpdateCheck = 0830;
				LastUpgradeCheck = 0830;
				ORGANIZATIONNAME = "Arangaya Apps";
				TargetAttributes = {
					535F4FE61EC4732C00DE9656 = {
						CreatedOnToolsVersion = 8.3.2;
						DevelopmentTeam = R3F8V843CL;
						ProvisioningStyle = Automatic;
					};
					98D86C671EC98F9F007BC1EC = {
						CreatedOnToolsVersion = 8.3.2;
						DevelopmentTeam = Z9E6AHNZ26;
						ProvisioningStyle = Automatic;
					};
				};
			};
			buildConfigurationList = 535F4FE21EC4732C00DE9656 /* Build configuration list for PBXProject "ModelGen" */;
			compatibilityVersion = "Xcode 3.2";
			developmentRegion = English;
			hasScannedForEncodings = 0;
			knownRegions = (
				en,
			);
			mainGroup = 535F4FDE1EC4732C00DE9656;
			productRefGroup = 535F4FE81EC4732C00DE9656 /* Products */;
			projectDirPath = "";
			projectRoot = "";
			targets = (
				535F4FE61EC4732C00DE9656 /* ModelGen */,
				98D86C671EC98F9F007BC1EC /* ModelGenTest */,
			);
		};
/* End PBXProject section */

/* Begin PBXResourcesBuildPhase section */
		98D86C661EC98F9F007BC1EC /* Resources */ = {
			isa = PBXResourcesBuildPhase;
			buildActionMask = 2147483647;
			files = (
			);
			runOnlyForDeploymentPostprocessing = 0;
		};
/* End PBXResourcesBuildPhase section */

/* Begin PBXSourcesBuildPhase section */
		535F4FE31EC4732C00DE9656 /* Sources */ = {
			isa = PBXSourcesBuildPhase;
			buildActionMask = 2147483647;
			files = (
				5375539C1ECED8B8008F6CE3 /* CodeGeneratorHelper.swift in Sources */,
				535F4FFC1EC59EE800DE9656 /* ConsoleIO.swift in Sources */,
				535F4FEB1EC4732C00DE9656 /* main.swift in Sources */,
				5375539F1ECF04E8008F6CE3 /* SwiftBasicProtocolImp.swift in Sources */,
				535625EB1ECB40240084E97B /* SwiftCodeGenerator.swift in Sources */,
				535F4FFA1EC59ECD00DE9656 /* Processor.swift in Sources */,
				53F21DA11EC9C09B006BFDCF /* CodeFileSaver.swift in Sources */,
				535F4FF81EC59E5B00DE9656 /* SWXMLHash+TypeConversion.swift in Sources */,
				535F4FF71EC59E5B00DE9656 /* SWXMLHash.swift in Sources */,
				98C908211EC71343008696E3 /* CodeGenerator.swift in Sources */,
				533B082C1ED818C80038393B /* ErrorRegistry.swift in Sources */,
			);
			runOnlyForDeploymentPostprocessing = 0;
		};
		98D86C641EC98F9F007BC1EC /* Sources */ = {
			isa = PBXSourcesBuildPhase;
			buildActionMask = 2147483647;
			files = (
				533B082D1ED81D890038393B /* ErrorRegistry.swift in Sources */,
				533B08281ED813110038393B /* SwiftCodeGenerator.swift in Sources */,
				533B08291ED813110038393B /* SwiftBasicProtocolImp.swift in Sources */,
				533B082A1ED813110038393B /* CodeGeneratorHelper.swift in Sources */,
				98D86C711EC99096007BC1EC /* SWXMLHash.swift in Sources */,
				98D86C721EC99096007BC1EC /* SWXMLHash+TypeConversion.swift in Sources */,
				53F21DA21EC9C09B006BFDCF /* CodeFileSaver.swift in Sources */,
				98D86C731EC99096007BC1EC /* main.swift in Sources */,
				98D86C741EC99096007BC1EC /* Processor.swift in Sources */,
				98D86C751EC99096007BC1EC /* CodeGenerator.swift in Sources */,
				98D86C701EC9905E007BC1EC /* ConsoleIO.swift in Sources */,
				98D86C6B1EC98F9F007BC1EC /* ModelGenTest.swift in Sources */,
			);
			runOnlyForDeploymentPostprocessing = 0;
		};
/* End PBXSourcesBuildPhase section */

/* Begin XCBuildConfiguration section */
		535F4FEC1EC4732C00DE9656 /* Debug */ = {
			isa = XCBuildConfiguration;
			buildSettings = {
				ALWAYS_SEARCH_USER_PATHS = NO;
				CLANG_ANALYZER_NONNULL = YES;
				CLANG_ANALYZER_NUMBER_OBJECT_CONVERSION = YES_AGGRESSIVE;
				CLANG_CXX_LANGUAGE_STANDARD = "gnu++0x";
				CLANG_CXX_LIBRARY = "libc++";
				CLANG_ENABLE_MODULES = YES;
				CLANG_ENABLE_OBJC_ARC = YES;
				CLANG_WARN_BOOL_CONVERSION = YES;
				CLANG_WARN_CONSTANT_CONVERSION = YES;
				CLANG_WARN_DIRECT_OBJC_ISA_USAGE = YES_ERROR;
				CLANG_WARN_DOCUMENTATION_COMMENTS = YES;
				CLANG_WARN_EMPTY_BODY = YES;
				CLANG_WARN_ENUM_CONVERSION = YES;
				CLANG_WARN_INFINITE_RECURSION = YES;
				CLANG_WARN_INT_CONVERSION = YES;
				CLANG_WARN_OBJC_ROOT_CLASS = YES_ERROR;
				CLANG_WARN_SUSPICIOUS_MOVE = YES;
				CLANG_WARN_UNREACHABLE_CODE = YES;
				CLANG_WARN__DUPLICATE_METHOD_MATCH = YES;
				CODE_SIGN_IDENTITY = "-";
				COPY_PHASE_STRIP = NO;
				DEBUG_INFORMATION_FORMAT = dwarf;
				ENABLE_STRICT_OBJC_MSGSEND = YES;
				ENABLE_TESTABILITY = YES;
				GCC_C_LANGUAGE_STANDARD = gnu99;
				GCC_DYNAMIC_NO_PIC = NO;
				GCC_NO_COMMON_BLOCKS = YES;
				GCC_OPTIMIZATION_LEVEL = 0;
				GCC_PREPROCESSOR_DEFINITIONS = (
					"DEBUG=1",
					"$(inherited)",
				);
				GCC_WARN_64_TO_32_BIT_CONVERSION = YES;
				GCC_WARN_ABOUT_RETURN_TYPE = YES_ERROR;
				GCC_WARN_UNDECLARED_SELECTOR = YES;
				GCC_WARN_UNINITIALIZED_AUTOS = YES_AGGRESSIVE;
				GCC_WARN_UNUSED_FUNCTION = YES;
				GCC_WARN_UNUSED_VARIABLE = YES;
				MACOSX_DEPLOYMENT_TARGET = 10.12;
				MTL_ENABLE_DEBUG_INFO = YES;
				ONLY_ACTIVE_ARCH = YES;
				SDKROOT = macosx;
				SWIFT_OPTIMIZATION_LEVEL = "-Onone";
			};
			name = Debug;
		};
		535F4FED1EC4732C00DE9656 /* Release */ = {
			isa = XCBuildConfiguration;
			buildSettings = {
				ALWAYS_SEARCH_USER_PATHS = NO;
				CLANG_ANALYZER_NONNULL = YES;
				CLANG_ANALYZER_NUMBER_OBJECT_CONVERSION = YES_AGGRESSIVE;
				CLANG_CXX_LANGUAGE_STANDARD = "gnu++0x";
				CLANG_CXX_LIBRARY = "libc++";
				CLANG_ENABLE_MODULES = YES;
				CLANG_ENABLE_OBJC_ARC = YES;
				CLANG_WARN_BOOL_CONVERSION = YES;
				CLANG_WARN_CONSTANT_CONVERSION = YES;
				CLANG_WARN_DIRECT_OBJC_ISA_USAGE = YES_ERROR;
				CLANG_WARN_DOCUMENTATION_COMMENTS = YES;
				CLANG_WARN_EMPTY_BODY = YES;
				CLANG_WARN_ENUM_CONVERSION = YES;
				CLANG_WARN_INFINITE_RECURSION = YES;
				CLANG_WARN_INT_CONVERSION = YES;
				CLANG_WARN_OBJC_ROOT_CLASS = YES_ERROR;
				CLANG_WARN_SUSPICIOUS_MOVE = YES;
				CLANG_WARN_UNREACHABLE_CODE = YES;
				CLANG_WARN__DUPLICATE_METHOD_MATCH = YES;
				CODE_SIGN_IDENTITY = "-";
				COPY_PHASE_STRIP = NO;
				DEBUG_INFORMATION_FORMAT = "dwarf-with-dsym";
				ENABLE_NS_ASSERTIONS = NO;
				ENABLE_STRICT_OBJC_MSGSEND = YES;
				GCC_C_LANGUAGE_STANDARD = gnu99;
				GCC_NO_COMMON_BLOCKS = YES;
				GCC_WARN_64_TO_32_BIT_CONVERSION = YES;
				GCC_WARN_ABOUT_RETURN_TYPE = YES_ERROR;
				GCC_WARN_UNDECLARED_SELECTOR = YES;
				GCC_WARN_UNINITIALIZED_AUTOS = YES_AGGRESSIVE;
				GCC_WARN_UNUSED_FUNCTION = YES;
				GCC_WARN_UNUSED_VARIABLE = YES;
				MACOSX_DEPLOYMENT_TARGET = 10.12;
				MTL_ENABLE_DEBUG_INFO = NO;
				SDKROOT = macosx;
			};
			name = Release;
		};
		535F4FEF1EC4732C00DE9656 /* Debug */ = {
			isa = XCBuildConfiguration;
			buildSettings = {
				DEVELOPMENT_TEAM = R3F8V843CL;
				LD_RUNPATH_SEARCH_PATHS = "$(inherited) '@executable_path/../Frameworks' '@loader_path/Frameworks'";
				MACOSX_DEPLOYMENT_TARGET = 10.10;
				PRODUCT_NAME = "$(TARGET_NAME)";
				SWIFT_VERSION = 3.0;
			};
			name = Debug;
		};
		535F4FF01EC4732C00DE9656 /* Release */ = {
			isa = XCBuildConfiguration;
			buildSettings = {
				DEVELOPMENT_TEAM = R3F8V843CL;
				LD_RUNPATH_SEARCH_PATHS = "$(inherited) '@executable_path/../Frameworks' '@loader_path/Frameworks'";
				MACOSX_DEPLOYMENT_TARGET = 10.10;
				PRODUCT_NAME = "$(TARGET_NAME)";
				SWIFT_VERSION = 3.0;
			};
			name = Release;
		};
		98D86C6D1EC98F9F007BC1EC /* Debug */ = {
			isa = XCBuildConfiguration;
			buildSettings = {
				COMBINE_HIDPI_IMAGES = YES;
				DEVELOPMENT_TEAM = Z9E6AHNZ26;
				INFOPLIST_FILE = ModelGenTest/Info.plist;
				LD_RUNPATH_SEARCH_PATHS = "$(inherited) @executable_path/../Frameworks @loader_path/../Frameworks";
				PRODUCT_BUNDLE_IDENTIFIER = com.arangaya.ModelGenTest;
				PRODUCT_NAME = "$(TARGET_NAME)";
				SWIFT_ACTIVE_COMPILATION_CONDITIONS = DEBUG;
				SWIFT_VERSION = 3.0;
			};
			name = Debug;
		};
		98D86C6E1EC98F9F007BC1EC /* Release */ = {
			isa = XCBuildConfiguration;
			buildSettings = {
				COMBINE_HIDPI_IMAGES = YES;
				DEVELOPMENT_TEAM = Z9E6AHNZ26;
				INFOPLIST_FILE = ModelGenTest/Info.plist;
				LD_RUNPATH_SEARCH_PATHS = "$(inherited) @executable_path/../Frameworks @loader_path/../Frameworks";
				PRODUCT_BUNDLE_IDENTIFIER = com.arangaya.ModelGenTest;
				PRODUCT_NAME = "$(TARGET_NAME)";
				SWIFT_OPTIMIZATION_LEVEL = "-Owholemodule";
				SWIFT_VERSION = 3.0;
			};
			name = Release;
		};
/* End XCBuildConfiguration section */

/* Begin XCConfigurationList section */
		535F4FE21EC4732C00DE9656 /* Build configuration list for PBXProject "ModelGen" */ = {
			isa = XCConfigurationList;
			buildConfigurations = (
				535F4FEC1EC4732C00DE9656 /* Debug */,
				535F4FED1EC4732C00DE9656 /* Release */,
			);
			defaultConfigurationIsVisible = 0;
			defaultConfigurationName = Release;
		};
		535F4FEE1EC4732C00DE9656 /* Build configuration list for PBXNativeTarget "ModelGen" */ = {
			isa = XCConfigurationList;
			buildConfigurations = (
				535F4FEF1EC4732C00DE9656 /* Debug */,
				535F4FF01EC4732C00DE9656 /* Release */,
			);
			defaultConfigurationIsVisible = 0;
			defaultConfigurationName = Release;
		};
		98D86C6F1EC98F9F007BC1EC /* Build configuration list for PBXNativeTarget "ModelGenTest" */ = {
			isa = XCConfigurationList;
			buildConfigurations = (
				98D86C6D1EC98F9F007BC1EC /* Debug */,
				98D86C6E1EC98F9F007BC1EC /* Release */,
			);
			defaultConfigurationIsVisible = 0;
			defaultConfigurationName = Release;
		};
/* End XCConfigurationList section */
	};
	rootObject = 535F4FDF1EC4732C00DE9656 /* Project object */;
}
